
Microsoft Visual Studio Solution File, Format Version 11.00
# Visual Studio 2010
Project("{FAE04EC0-301F-11D3-BF4B-00C04F79EFBC}") = "Assembly-CSharp", "Assembly-CSharp.csproj", "{3c61fea7-53b1-b000-ea92-ca451f306d39}"
EndProject
Project("{FAE04EC0-301F-11D3-BF4B-00C04F79EFBC}") = "MPUIKit", "MPUIKit.csproj", "{902c6092-f4c5-ae2d-e2c6-cd9af42e61fc}"
EndProject
Project("{FAE04EC0-301F-11D3-BF4B-00C04F79EFBC}") = "Fusion.Addressables", "Fusion.Addressables.csproj", "{b6f82bea-7676-f981-deef-b11317f2c544}"
EndProject
Project("{FAE04EC0-301F-11D3-BF4B-00C04F79EFBC}") = "Assembly-CSharp-Editor", "Assembly-CSharp-Editor.csproj", "{7cec71a5-d489-de2c-4533-1f042ff08bb0}"
EndProject
Project("{FAE04EC0-301F-11D3-BF4B-00C04F79EFBC}") = "MPUIKit.Editor", "MPUIKit.Editor.csproj", "{1029feab-192a-7e58-65d3-9df85417e9b7}"
EndProject
Project("{FAE04EC0-301F-11D3-BF4B-00C04F79EFBC}") = "Unity.Fusion.CodeGen", "Unity.Fusion.CodeGen.csproj", "{01269a73-c40e-eef4-60d3-b99037aa7942}"
EndProject
Project("{FAE04EC0-301F-11D3-BF4B-00C04F79EFBC}") = "Fusion.Editor", "Fusion.Editor.csproj", "{cbeec34e-5f5a-8b0d-65bc-3d247222c8a5}"
EndProject
Global
	GlobalSection(SolutionConfigurationPlatforms) = preSolution
		Debug|Any CPU = Debug|Any CPU
	EndGlobalSection
	GlobalSection(ProjectConfigurationPlatforms) = postSolution
		{3c61fea7-53b1-b000-ea92-ca451f306d39}.Debug|Any CPU.ActiveCfg = Debug|Any CPU
		{3c61fea7-53b1-b000-ea92-ca451f306d39}.Debug|Any CPU.Build.0 = Debug|Any CPU
		{902c6092-f4c5-ae2d-e2c6-cd9af42e61fc}.Debug|Any CPU.ActiveCfg = Debug|Any CPU
		{902c6092-f4c5-ae2d-e2c6-cd9af42e61fc}.Debug|Any CPU.Build.0 = Debug|Any CPU
		{b6f82bea-7676-f981-deef-b11317f2c544}.Debug|Any CPU.ActiveCfg = Debug|Any CPU
		{b6f82bea-7676-f981-deef-b11317f2c544}.Debug|Any CPU.Build.0 = Debug|Any CPU
		{7cec71a5-d489-de2c-4533-1f042ff08bb0}.Debug|Any CPU.ActiveCfg = Debug|Any CPU
		{7cec71a5-d489-de2c-4533-1f042ff08bb0}.Debug|Any CPU.Build.0 = Debug|Any CPU
		{1029feab-192a-7e58-65d3-9df85417e9b7}.Debug|Any CPU.ActiveCfg = Debug|Any CPU
		{1029feab-192a-7e58-65d3-9df85417e9b7}.Debug|Any CPU.Build.0 = Debug|Any CPU
		{01269a73-c40e-eef4-60d3-b99037aa7942}.Debug|Any CPU.ActiveCfg = Debug|Any CPU
		{01269a73-c40e-eef4-60d3-b99037aa7942}.Debug|Any CPU.Build.0 = Debug|Any CPU
		{cbeec34e-5f5a-8b0d-65bc-3d247222c8a5}.Debug|Any CPU.ActiveCfg = Debug|Any CPU
		{cbeec34e-5f5a-8b0d-65bc-3d247222c8a5}.Debug|Any CPU.Build.0 = Debug|Any CPU
	EndGlobalSection
	GlobalSection(SolutionProperties) = preSolution
		HideSolutionNode = FALSE
	EndGlobalSection
EndGlobal
